
Microsoft Visual Studio Solution File, Format Version 12.00
# Visual Studio Version 17
VisualStudioVersion = 17.0.31903.59
MinimumVisualStudioVersion = 10.0.40219.1
Project("{FAE04EC0-301F-11D3-BF4B-00C04F79EFBC}") = "bluegreentest", "bluegreentest\bluegreentest.csproj", "{40EE9D93-043A-4F84-A252-499B60BB51CE}"
EndProject
Project("{FAE04EC0-301F-11D3-BF4B-00C04F79EFBC}") = "bluegreen", "bluegreen\bluegreen.csproj", "{0DB2DC56-2EE5-40AE-8C8C-FF0CB61873E4}"
EndProject
Global
	GlobalSection(SolutionConfigurationPlatforms) = preSolution
		Debug|Any CPU = Debug|Any CPU
		Release|Any CPU = Release|Any CPU
	EndGlobalSection
	GlobalSection(SolutionProperties) = preSolution
		HideSolutionNode = FALSE
	EndGlobalSection
	GlobalSection(ProjectConfigurationPlatforms) = postSolution
		{40EE9D93-043A-4F84-A252-499B60BB51CE}.Debug|Any CPU.ActiveCfg = Debug|Any CPU
		{40EE9D93-043A-4F84-A252-499B60BB51CE}.Debug|Any CPU.Build.0 = Debug|Any CPU
		{40EE9D93-043A-4F84-A252-499B60BB51CE}.Release|Any CPU.ActiveCfg = Release|Any CPU
		{40EE9D93-043A-4F84-A252-499B60BB51CE}.Release|Any CPU.Build.0 = Release|Any CPU
		{0DB2DC56-2EE5-40AE-8C8C-FF0CB61873E4}.Debug|Any CPU.ActiveCfg = Debug|Any CPU
		{0DB2DC56-2EE5-40AE-8C8C-FF0CB61873E4}.Debug|Any CPU.Build.0 = Debug|Any CPU
		{0DB2DC56-2EE5-40AE-8C8C-FF0CB61873E4}.Release|Any CPU.ActiveCfg = Release|Any CPU
		{0DB2DC56-2EE5-40AE-8C8C-FF0CB61873E4}.Release|Any CPU.Build.0 = Release|Any CPU
	EndGlobalSection
EndGlobal
